// !$*UTF8*$!
{
	archiveVersion = 1;
	classes = {
	};
	objectVersion = 56;
	objects = {

/* Begin PBXBuildFile section */
		0C22F1942BFBEE26001CB8D9 /* Application.swift in Sources */ = {isa = PBXBuildFile; fileRef = 0C22F1932BFBEE26001CB8D9 /* Application.swift */; };
		0C22F19A2BFBEE27001CB8D9 /* Assets.xcassets in Resources */ = {isa = PBXBuildFile; fileRef = 0C22F1992BFBEE27001CB8D9 /* Assets.xcassets */; };
		0C22F19E2BFBEE27001CB8D9 /* Preview Assets.xcassets in Resources */ = {isa = PBXBuildFile; fileRef = 0C22F19D2BFBEE27001CB8D9 /* Preview Assets.xcassets */; };
		0C22F1A52BFBF0A5001CB8D9 /* AppTabView.swift in Sources */ = {isa = PBXBuildFile; fileRef = 0C22F1A42BFBF0A5001CB8D9 /* AppTabView.swift */; };
		0C43CE3F2BFE2ADD00EFB207 /* Transaction.swift in Sources */ = {isa = PBXBuildFile; fileRef = 0C43CE3E2BFE2ADD00EFB207 /* Transaction.swift */; };
		0C43CE412BFE2B7000EFB207 /* IncomeExpenseCategory.swift in Sources */ = {isa = PBXBuildFile; fileRef = 0C43CE402BFE2B7000EFB207 /* IncomeExpenseCategory.swift */; };
		0C43CE452BFE2C8C00EFB207 /* Account.swift in Sources */ = {isa = PBXBuildFile; fileRef = 0C43CE442BFE2C8C00EFB207 /* Account.swift */; };
		0C43CE492BFE2D7700EFB207 /* Category.swift in Sources */ = {isa = PBXBuildFile; fileRef = 0C43CE482BFE2D7700EFB207 /* Category.swift */; };
		0C77EA942C1B50A5008D97D6 /* TransactionCellView.swift in Sources */ = {isa = PBXBuildFile; fileRef = 0C77EA932C1B50A5008D97D6 /* TransactionCellView.swift */; };
		0C7A3ADC2BFFB5A50015E72B /* CategoriesView.swift in Sources */ = {isa = PBXBuildFile; fileRef = 0C7A3ADB2BFFB5A50015E72B /* CategoriesView.swift */; };
		0C7A3ADE2BFFB80D0015E72B /* CategoryCellView.swift in Sources */ = {isa = PBXBuildFile; fileRef = 0C7A3ADD2BFFB80D0015E72B /* CategoryCellView.swift */; };
		0C7A3AE02BFFC1520015E72B /* AddCategoryView.swift in Sources */ = {isa = PBXBuildFile; fileRef = 0C7A3ADF2BFFC1520015E72B /* AddCategoryView.swift */; };
		0C7A3AE22BFFC8B10015E72B /* EditCategoryView.swift in Sources */ = {isa = PBXBuildFile; fileRef = 0C7A3AE12BFFC8B10015E72B /* EditCategoryView.swift */; };
		0CD222802C09E48900A0CF0E /* Month.swift in Sources */ = {isa = PBXBuildFile; fileRef = 0CD2227F2C09E48900A0CF0E /* Month.swift */; };
		0CD222822C09EDA700A0CF0E /* AddNewTransactionView.swift in Sources */ = {isa = PBXBuildFile; fileRef = 0CD222812C09EDA700A0CF0E /* AddNewTransactionView.swift */; };
		0CD222842C0A057A00A0CF0E /* DailyTransactiionView.swift in Sources */ = {isa = PBXBuildFile; fileRef = 0CD222832C0A057A00A0CF0E /* DailyTransactiionView.swift */; };
		0CE3CD4D2C1B6F7A008D76E8 /* EditTransactionView.swift in Sources */ = {isa = PBXBuildFile; fileRef = 0CE3CD4C2C1B6F7A008D76E8 /* EditTransactionView.swift */; };
		0CE3CD502C1B799F008D76E8 /* CalendarView.swift in Sources */ = {isa = PBXBuildFile; fileRef = 0CE3CD4F2C1B799F008D76E8 /* CalendarView.swift */; };
		0CE3CD522C1B79BF008D76E8 /* CalendarTransactionItemView.swift in Sources */ = {isa = PBXBuildFile; fileRef = 0CE3CD512C1B79BF008D76E8 /* CalendarTransactionItemView.swift */; };
		0CE3CD542C1B7B46008D76E8 /* CalendarTransactionCellView.swift in Sources */ = {isa = PBXBuildFile; fileRef = 0CE3CD532C1B7B46008D76E8 /* CalendarTransactionCellView.swift */; };
		0CE3CD562C1B7BFB008D76E8 /* ViewExtension.swift in Sources */ = {isa = PBXBuildFile; fileRef = 0CE3CD552C1B7BFB008D76E8 /* ViewExtension.swift */; };
		0CE3CD592C1B8CAC008D76E8 /* ChartModel.swift in Sources */ = {isa = PBXBuildFile; fileRef = 0CE3CD582C1B8CAC008D76E8 /* ChartModel.swift */; };
		0CE3CD5B2C1B8E2B008D76E8 /* StatisticView.swift in Sources */ = {isa = PBXBuildFile; fileRef = 0CE3CD5A2C1B8E2B008D76E8 /* StatisticView.swift */; };
		0CEC8D182BFE357100F152A0 /* TransactionView.swift in Sources */ = {isa = PBXBuildFile; fileRef = 0CEC8D172BFE357100F152A0 /* TransactionView.swift */; };
		0CEC8D1C2BFE358600F152A0 /* AccountView.swift in Sources */ = {isa = PBXBuildFile; fileRef = 0CEC8D1B2BFE358600F152A0 /* AccountView.swift */; };
		0CEC8D222BFE374300F152A0 /* AccountCellView.swift in Sources */ = {isa = PBXBuildFile; fileRef = 0CEC8D212BFE374300F152A0 /* AccountCellView.swift */; };
		0CEC8D242BFE400F00F152A0 /* AddNewAccountView.swift in Sources */ = {isa = PBXBuildFile; fileRef = 0CEC8D232BFE400F00F152A0 /* AddNewAccountView.swift */; };
		0CEC8D262BFE732B00F152A0 /* DateExtension.swift in Sources */ = {isa = PBXBuildFile; fileRef = 0CEC8D252BFE732B00F152A0 /* DateExtension.swift */; };
/* End PBXBuildFile section */

/* Begin PBXFileReference section */
		0C22F1902BFBEE26001CB8D9 /* wallet-jack.app */ = {isa = PBXFileReference; explicitFileType = wrapper.application; includeInIndex = 0; path = "wallet-jack.app"; sourceTree = BUILT_PRODUCTS_DIR; };
		0C22F1932BFBEE26001CB8D9 /* Application.swift */ = {isa = PBXFileReference; lastKnownFileType = sourcecode.swift; path = Application.swift; sourceTree = "<group>"; };
		0C22F1992BFBEE27001CB8D9 /* Assets.xcassets */ = {isa = PBXFileReference; lastKnownFileType = folder.assetcatalog; path = Assets.xcassets; sourceTree = "<group>"; };
		0C22F19B2BFBEE27001CB8D9 /* wallet_jack.entitlements */ = {isa = PBXFileReference; lastKnownFileType = text.plist.entitlements; path = wallet_jack.entitlements; sourceTree = "<group>"; };
		0C22F19D2BFBEE27001CB8D9 /* Preview Assets.xcassets */ = {isa = PBXFileReference; lastKnownFileType = folder.assetcatalog; path = "Preview Assets.xcassets"; sourceTree = "<group>"; };
		0C22F1A42BFBF0A5001CB8D9 /* AppTabView.swift */ = {isa = PBXFileReference; lastKnownFileType = sourcecode.swift; path = AppTabView.swift; sourceTree = "<group>"; };
		0C43CE3E2BFE2ADD00EFB207 /* Transaction.swift */ = {isa = PBXFileReference; lastKnownFileType = sourcecode.swift; path = Transaction.swift; sourceTree = "<group>"; };
		0C43CE402BFE2B7000EFB207 /* IncomeExpenseCategory.swift */ = {isa = PBXFileReference; lastKnownFileType = sourcecode.swift; path = IncomeExpenseCategory.swift; sourceTree = "<group>"; };
		0C43CE442BFE2C8C00EFB207 /* Account.swift */ = {isa = PBXFileReference; lastKnownFileType = sourcecode.swift; path = Account.swift; sourceTree = "<group>"; };
		0C43CE482BFE2D7700EFB207 /* Category.swift */ = {isa = PBXFileReference; lastKnownFileType = sourcecode.swift; path = Category.swift; sourceTree = "<group>"; };
		0C77EA932C1B50A5008D97D6 /* TransactionCellView.swift */ = {isa = PBXFileReference; lastKnownFileType = sourcecode.swift; path = TransactionCellView.swift; sourceTree = "<group>"; };
		0C7A3ADB2BFFB5A50015E72B /* CategoriesView.swift */ = {isa = PBXFileReference; lastKnownFileType = sourcecode.swift; path = CategoriesView.swift; sourceTree = "<group>"; };
		0C7A3ADD2BFFB80D0015E72B /* CategoryCellView.swift */ = {isa = PBXFileReference; lastKnownFileType = sourcecode.swift; path = CategoryCellView.swift; sourceTree = "<group>"; };
		0C7A3ADF2BFFC1520015E72B /* AddCategoryView.swift */ = {isa = PBXFileReference; lastKnownFileType = sourcecode.swift; path = AddCategoryView.swift; sourceTree = "<group>"; };
		0C7A3AE12BFFC8B10015E72B /* EditCategoryView.swift */ = {isa = PBXFileReference; lastKnownFileType = sourcecode.swift; path = EditCategoryView.swift; sourceTree = "<group>"; };
		0CD2227F2C09E48900A0CF0E /* Month.swift */ = {isa = PBXFileReference; lastKnownFileType = sourcecode.swift; path = Month.swift; sourceTree = "<group>"; };
		0CD222812C09EDA700A0CF0E /* AddNewTransactionView.swift */ = {isa = PBXFileReference; lastKnownFileType = sourcecode.swift; path = AddNewTransactionView.swift; sourceTree = "<group>"; };
		0CD222832C0A057A00A0CF0E /* DailyTransactiionView.swift */ = {isa = PBXFileReference; lastKnownFileType = sourcecode.swift; path = DailyTransactiionView.swift; sourceTree = "<group>"; };
		0CE3CD4C2C1B6F7A008D76E8 /* EditTransactionView.swift */ = {isa = PBXFileReference; lastKnownFileType = sourcecode.swift; path = EditTransactionView.swift; sourceTree = "<group>"; };
		0CE3CD4F2C1B799F008D76E8 /* CalendarView.swift */ = {isa = PBXFileReference; lastKnownFileType = sourcecode.swift; path = CalendarView.swift; sourceTree = "<group>"; };
		0CE3CD512C1B79BF008D76E8 /* CalendarTransactionItemView.swift */ = {isa = PBXFileReference; lastKnownFileType = sourcecode.swift; path = CalendarTransactionItemView.swift; sourceTree = "<group>"; };
		0CE3CD532C1B7B46008D76E8 /* CalendarTransactionCellView.swift */ = {isa = PBXFileReference; lastKnownFileType = sourcecode.swift; path = CalendarTransactionCellView.swift; sourceTree = "<group>"; };
		0CE3CD552C1B7BFB008D76E8 /* ViewExtension.swift */ = {isa = PBXFileReference; lastKnownFileType = sourcecode.swift; path = ViewExtension.swift; sourceTree = "<group>"; };
		0CE3CD582C1B8CAC008D76E8 /* ChartModel.swift */ = {isa = PBXFileReference; lastKnownFileType = sourcecode.swift; path = ChartModel.swift; sourceTree = "<group>"; };
		0CE3CD5A2C1B8E2B008D76E8 /* StatisticView.swift */ = {isa = PBXFileReference; lastKnownFileType = sourcecode.swift; path = StatisticView.swift; sourceTree = "<group>"; };
		0CEC8D172BFE357100F152A0 /* TransactionView.swift */ = {isa = PBXFileReference; lastKnownFileType = sourcecode.swift; path = TransactionView.swift; sourceTree = "<group>"; };
		0CEC8D1B2BFE358600F152A0 /* AccountView.swift */ = {isa = PBXFileReference; lastKnownFileType = sourcecode.swift; path = AccountView.swift; sourceTree = "<group>"; };
		0CEC8D212BFE374300F152A0 /* AccountCellView.swift */ = {isa = PBXFileReference; lastKnownFileType = sourcecode.swift; path = AccountCellView.swift; sourceTree = "<group>"; };
		0CEC8D232BFE400F00F152A0 /* AddNewAccountView.swift */ = {isa = PBXFileReference; lastKnownFileType = sourcecode.swift; path = AddNewAccountView.swift; sourceTree = "<group>"; };
		0CEC8D252BFE732B00F152A0 /* DateExtension.swift */ = {isa = PBXFileReference; lastKnownFileType = sourcecode.swift; path = DateExtension.swift; sourceTree = "<group>"; };
/* End PBXFileReference section */

/* Begin PBXFrameworksBuildPhase section */
		0C22F18D2BFBEE26001CB8D9 /* Frameworks */ = {
			isa = PBXFrameworksBuildPhase;
			buildActionMask = 2147483647;
			files = (
			);
			runOnlyForDeploymentPostprocessing = 0;
		};
/* End PBXFrameworksBuildPhase section */

/* Begin PBXGroup section */
		0C22F1872BFBEE26001CB8D9 = {
			isa = PBXGroup;
			children = (
				0C22F1922BFBEE26001CB8D9 /* wallet-jack */,
				0C22F1912BFBEE26001CB8D9 /* Products */,
			);
			sourceTree = "<group>";
		};
		0C22F1912BFBEE26001CB8D9 /* Products */ = {
			isa = PBXGroup;
			children = (
				0C22F1902BFBEE26001CB8D9 /* wallet-jack.app */,
			);
			name = Products;
			sourceTree = "<group>";
		};
		0C22F1922BFBEE26001CB8D9 /* wallet-jack */ = {
			isa = PBXGroup;
			children = (
				0CEC8D272BFE748400F152A0 /* Extension */,
				0CEC8D1F2BFE372200F152A0 /* View */,
				0C43CE3D2BFE2AC700EFB207 /* Model */,
				0C22F1932BFBEE26001CB8D9 /* Application.swift */,
				0C22F1992BFBEE27001CB8D9 /* Assets.xcassets */,
				0C22F19B2BFBEE27001CB8D9 /* wallet_jack.entitlements */,
				0C22F19C2BFBEE27001CB8D9 /* Preview Content */,
			);
			path = "wallet-jack";
			sourceTree = "<group>";
		};
		0C22F19C2BFBEE27001CB8D9 /* Preview Content */ = {
			isa = PBXGroup;
			children = (
				0C22F19D2BFBEE27001CB8D9 /* Preview Assets.xcassets */,
			);
			path = "Preview Content";
			sourceTree = "<group>";
		};
		0C43CE3D2BFE2AC700EFB207 /* Model */ = {
			isa = PBXGroup;
			children = (
				0C43CE3E2BFE2ADD00EFB207 /* Transaction.swift */,
				0C43CE402BFE2B7000EFB207 /* IncomeExpenseCategory.swift */,
				0C43CE442BFE2C8C00EFB207 /* Account.swift */,
				0C43CE482BFE2D7700EFB207 /* Category.swift */,
				0CD2227F2C09E48900A0CF0E /* Month.swift */,
				0CE3CD582C1B8CAC008D76E8 /* ChartModel.swift */,
			);
			path = Model;
			sourceTree = "<group>";
		};
		0C7A3AE32BFFCC1C0015E72B /* Category */ = {
			isa = PBXGroup;
			children = (
				0C7A3ADB2BFFB5A50015E72B /* CategoriesView.swift */,
				0C7A3ADD2BFFB80D0015E72B /* CategoryCellView.swift */,
				0C7A3ADF2BFFC1520015E72B /* AddCategoryView.swift */,
				0C7A3AE12BFFC8B10015E72B /* EditCategoryView.swift */,
			);
			path = Category;
			sourceTree = "<group>";
		};
		0CE3CD4E2C1B7963008D76E8 /* Calendar */ = {
			isa = PBXGroup;
			children = (
				0CE3CD4F2C1B799F008D76E8 /* CalendarView.swift */,
				0CE3CD512C1B79BF008D76E8 /* CalendarTransactionItemView.swift */,
				0CE3CD532C1B7B46008D76E8 /* CalendarTransactionCellView.swift */,
			);
			path = Calendar;
			sourceTree = "<group>";
		};
		0CE3CD572C1B889B008D76E8 /* Statistic */ = {
			isa = PBXGroup;
			children = (
				0CE3CD5A2C1B8E2B008D76E8 /* StatisticView.swift */,
			);
			path = Statistic;
			sourceTree = "<group>";
		};
		0CEC8D1F2BFE372200F152A0 /* View */ = {
			isa = PBXGroup;
			children = (
				0CE3CD572C1B889B008D76E8 /* Statistic */,
				0CE3CD4E2C1B7963008D76E8 /* Calendar */,
				0C7A3AE32BFFCC1C0015E72B /* Category */,
				0CEC8D282BFE769300F152A0 /* Transaction */,
				0CEC8D202BFE373400F152A0 /* Account */,
				0C22F1A42BFBF0A5001CB8D9 /* AppTabView.swift */,
			);
			path = View;
			sourceTree = "<group>";
		};
		0CEC8D202BFE373400F152A0 /* Account */ = {
			isa = PBXGroup;
			children = (
				0CEC8D1B2BFE358600F152A0 /* AccountView.swift */,
				0CEC8D212BFE374300F152A0 /* AccountCellView.swift */,
				0CEC8D232BFE400F00F152A0 /* AddNewAccountView.swift */,
			);
			path = Account;
			sourceTree = "<group>";
		};
		0CEC8D272BFE748400F152A0 /* Extension */ = {
			isa = PBXGroup;
			children = (
				0CEC8D252BFE732B00F152A0 /* DateExtension.swift */,
				0CE3CD552C1B7BFB008D76E8 /* ViewExtension.swift */,
			);
			path = Extension;
			sourceTree = "<group>";
		};
		0CEC8D282BFE769300F152A0 /* Transaction */ = {
			isa = PBXGroup;
			children = (
				0CEC8D172BFE357100F152A0 /* TransactionView.swift */,
				0CD222812C09EDA700A0CF0E /* AddNewTransactionView.swift */,
				0CD222832C0A057A00A0CF0E /* DailyTransactiionView.swift */,
				0C77EA932C1B50A5008D97D6 /* TransactionCellView.swift */,
				0CE3CD4C2C1B6F7A008D76E8 /* EditTransactionView.swift */,
			);
			path = Transaction;
			sourceTree = "<group>";
		};
/* End PBXGroup section */

/* Begin PBXNativeTarget section */
		0C22F18F2BFBEE26001CB8D9 /* wallet-jack */ = {
			isa = PBXNativeTarget;
			buildConfigurationList = 0C22F1A12BFBEE27001CB8D9 /* Build configuration list for PBXNativeTarget "wallet-jack" */;
			buildPhases = (
				0C22F18C2BFBEE26001CB8D9 /* Sources */,
				0C22F18D2BFBEE26001CB8D9 /* Frameworks */,
				0C22F18E2BFBEE26001CB8D9 /* Resources */,
			);
			buildRules = (
			);
			dependencies = (
			);
			name = "wallet-jack";
			productName = "wallet-jack";
			productReference = 0C22F1902BFBEE26001CB8D9 /* wallet-jack.app */;
			productType = "com.apple.product-type.application";
		};
/* End PBXNativeTarget section */

/* Begin PBXProject section */
		0C22F1882BFBEE26001CB8D9 /* Project object */ = {
			isa = PBXProject;
			attributes = {
				BuildIndependentTargetsInParallel = 1;
				LastSwiftUpdateCheck = 1540;
				LastUpgradeCheck = 1540;
				TargetAttributes = {
					0C22F18F2BFBEE26001CB8D9 = {
						CreatedOnToolsVersion = 15.4;
					};
				};
			};
			buildConfigurationList = 0C22F18B2BFBEE26001CB8D9 /* Build configuration list for PBXProject "wallet-jack" */;
			compatibilityVersion = "Xcode 14.0";
			developmentRegion = en;
			hasScannedForEncodings = 0;
			knownRegions = (
				en,
				Base,
			);
			mainGroup = 0C22F1872BFBEE26001CB8D9;
			productRefGroup = 0C22F1912BFBEE26001CB8D9 /* Products */;
			projectDirPath = "";
			projectRoot = "";
			targets = (
				0C22F18F2BFBEE26001CB8D9 /* wallet-jack */,
			);
		};
/* End PBXProject section */

/* Begin PBXResourcesBuildPhase section */
		0C22F18E2BFBEE26001CB8D9 /* Resources */ = {
			isa = PBXResourcesBuildPhase;
			buildActionMask = 2147483647;
			files = (
				0C22F19E2BFBEE27001CB8D9 /* Preview Assets.xcassets in Resources */,
				0C22F19A2BFBEE27001CB8D9 /* Assets.xcassets in Resources */,
			);
			runOnlyForDeploymentPostprocessing = 0;
		};
/* End PBXResourcesBuildPhase section */

/* Begin PBXSourcesBuildPhase section */
		0C22F18C2BFBEE26001CB8D9 /* Sources */ = {
			isa = PBXSourcesBuildPhase;
			buildActionMask = 2147483647;
			files = (
				0CD222822C09EDA700A0CF0E /* AddNewTransactionView.swift in Sources */,
				0CEC8D222BFE374300F152A0 /* AccountCellView.swift in Sources */,
				0CEC8D262BFE732B00F152A0 /* DateExtension.swift in Sources */,
				0CD222842C0A057A00A0CF0E /* DailyTransactiionView.swift in Sources */,
				0CE3CD562C1B7BFB008D76E8 /* ViewExtension.swift in Sources */,
				0CD222802C09E48900A0CF0E /* Month.swift in Sources */,
				0CE3CD542C1B7B46008D76E8 /* CalendarTransactionCellView.swift in Sources */,
				0C43CE492BFE2D7700EFB207 /* Category.swift in Sources */,
				0CE3CD502C1B799F008D76E8 /* CalendarView.swift in Sources */,
				0C7A3ADE2BFFB80D0015E72B /* CategoryCellView.swift in Sources */,
				0C7A3AE02BFFC1520015E72B /* AddCategoryView.swift in Sources */,
				0C22F1A52BFBF0A5001CB8D9 /* AppTabView.swift in Sources */,
				0C7A3ADC2BFFB5A50015E72B /* CategoriesView.swift in Sources */,
				0C77EA942C1B50A5008D97D6 /* TransactionCellView.swift in Sources */,
				0CE3CD4D2C1B6F7A008D76E8 /* EditTransactionView.swift in Sources */,
				0CE3CD5B2C1B8E2B008D76E8 /* StatisticView.swift in Sources */,
				0CE3CD592C1B8CAC008D76E8 /* ChartModel.swift in Sources */,
				0CE3CD522C1B79BF008D76E8 /* CalendarTransactionItemView.swift in Sources */,
				0C43CE412BFE2B7000EFB207 /* IncomeExpenseCategory.swift in Sources */,
				0CEC8D242BFE400F00F152A0 /* AddNewAccountView.swift in Sources */,
				0C22F1942BFBEE26001CB8D9 /* Application.swift in Sources */,
				0CEC8D1C2BFE358600F152A0 /* AccountView.swift in Sources */,
				0C43CE452BFE2C8C00EFB207 /* Account.swift in Sources */,
				0C7A3AE22BFFC8B10015E72B /* EditCategoryView.swift in Sources */,
				0C43CE3F2BFE2ADD00EFB207 /* Transaction.swift in Sources */,
				0CEC8D182BFE357100F152A0 /* TransactionView.swift in Sources */,
			);
			runOnlyForDeploymentPostprocessing = 0;
		};
/* End PBXSourcesBuildPhase section */

/* Begin XCBuildConfiguration section */
		0C22F19F2BFBEE27001CB8D9 /* Debug */ = {
			isa = XCBuildConfiguration;
			buildSettings = {
				ALWAYS_SEARCH_USER_PATHS = NO;
				ASSETCATALOG_COMPILER_GENERATE_SWIFT_ASSET_SYMBOL_EXTENSIONS = YES;
				CLANG_ANALYZER_NONNULL = YES;
				CLANG_ANALYZER_NUMBER_OBJECT_CONVERSION = YES_AGGRESSIVE;
				CLANG_CXX_LANGUAGE_STANDARD = "gnu++20";
				CLANG_ENABLE_MODULES = YES;
				CLANG_ENABLE_OBJC_ARC = YES;
				CLANG_ENABLE_OBJC_WEAK = YES;
				CLANG_WARN_BLOCK_CAPTURE_AUTORELEASING = YES;
				CLANG_WARN_BOOL_CONVERSION = YES;
				CLANG_WARN_COMMA = YES;
				CLANG_WARN_CONSTANT_CONVERSION = YES;
				CLANG_WARN_DEPRECATED_OBJC_IMPLEMENTATIONS = YES;
				CLANG_WARN_DIRECT_OBJC_ISA_USAGE = YES_ERROR;
				CLANG_WARN_DOCUMENTATION_COMMENTS = YES;
				CLANG_WARN_EMPTY_BODY = YES;
				CLANG_WARN_ENUM_CONVERSION = YES;
				CLANG_WARN_INFINITE_RECURSION = YES;
				CLANG_WARN_INT_CONVERSION = YES;
				CLANG_WARN_NON_LITERAL_NULL_CONVERSION = YES;
				CLANG_WARN_OBJC_IMPLICIT_RETAIN_SELF = YES;
				CLANG_WARN_OBJC_LITERAL_CONVERSION = YES;
				CLANG_WARN_OBJC_ROOT_CLASS = YES_ERROR;
				CLANG_WARN_QUOTED_INCLUDE_IN_FRAMEWORK_HEADER = YES;
				CLANG_WARN_RANGE_LOOP_ANALYSIS = YES;
				CLANG_WARN_STRICT_PROTOTYPES = YES;
				CLANG_WARN_SUSPICIOUS_MOVE = YES;
				CLANG_WARN_UNGUARDED_AVAILABILITY = YES_AGGRESSIVE;
				CLANG_WARN_UNREACHABLE_CODE = YES;
				CLANG_WARN__DUPLICATE_METHOD_MATCH = YES;
				COPY_PHASE_STRIP = NO;
				DEBUG_INFORMATION_FORMAT = dwarf;
				ENABLE_STRICT_OBJC_MSGSEND = YES;
				ENABLE_TESTABILITY = YES;
				ENABLE_USER_SCRIPT_SANDBOXING = YES;
				GCC_C_LANGUAGE_STANDARD = gnu17;
				GCC_DYNAMIC_NO_PIC = NO;
				GCC_NO_COMMON_BLOCKS = YES;
				GCC_OPTIMIZATION_LEVEL = 0;
				GCC_PREPROCESSOR_DEFINITIONS = (
					"DEBUG=1",
					"$(inherited)",
				);
				GCC_WARN_64_TO_32_BIT_CONVERSION = YES;
				GCC_WARN_ABOUT_RETURN_TYPE = YES_ERROR;
				GCC_WARN_UNDECLARED_SELECTOR = YES;
				GCC_WARN_UNINITIALIZED_AUTOS = YES_AGGRESSIVE;
				GCC_WARN_UNUSED_FUNCTION = YES;
				GCC_WARN_UNUSED_VARIABLE = YES;
				LOCALIZATION_PREFERS_STRING_CATALOGS = YES;
				MTL_ENABLE_DEBUG_INFO = INCLUDE_SOURCE;
				MTL_FAST_MATH = YES;
				ONLY_ACTIVE_ARCH = YES;
				SWIFT_ACTIVE_COMPILATION_CONDITIONS = "DEBUG $(inherited)";
				SWIFT_OPTIMIZATION_LEVEL = "-Onone";
			};
			name = Debug;
		};
		0C22F1A02BFBEE27001CB8D9 /* Release */ = {
			isa = XCBuildConfiguration;
			buildSettings = {
				ALWAYS_SEARCH_USER_PATHS = NO;
				ASSETCATALOG_COMPILER_GENERATE_SWIFT_ASSET_SYMBOL_EXTENSIONS = YES;
				CLANG_ANALYZER_NONNULL = YES;
				CLANG_ANALYZER_NUMBER_OBJECT_CONVERSION = YES_AGGRESSIVE;
				CLANG_CXX_LANGUAGE_STANDARD = "gnu++20";
				CLANG_ENABLE_MODULES = YES;
				CLANG_ENABLE_OBJC_ARC = YES;
				CLANG_ENABLE_OBJC_WEAK = YES;
				CLANG_WARN_BLOCK_CAPTURE_AUTORELEASING = YES;
				CLANG_WARN_BOOL_CONVERSION = YES;
				CLANG_WARN_COMMA = YES;
				CLANG_WARN_CONSTANT_CONVERSION = YES;
				CLANG_WARN_DEPRECATED_OBJC_IMPLEMENTATIONS = YES;
				CLANG_WARN_DIRECT_OBJC_ISA_USAGE = YES_ERROR;
				CLANG_WARN_DOCUMENTATION_COMMENTS = YES;
				CLANG_WARN_EMPTY_BODY = YES;
				CLANG_WARN_ENUM_CONVERSION = YES;
				CLANG_WARN_INFINITE_RECURSION = YES;
				CLANG_WARN_INT_CONVERSION = YES;
				CLANG_WARN_NON_LITERAL_NULL_CONVERSION = YES;
				CLANG_WARN_OBJC_IMPLICIT_RETAIN_SELF = YES;
				CLANG_WARN_OBJC_LITERAL_CONVERSION = YES;
				CLANG_WARN_OBJC_ROOT_CLASS = YES_ERROR;
				CLANG_WARN_QUOTED_INCLUDE_IN_FRAMEWORK_HEADER = YES;
				CLANG_WARN_RANGE_LOOP_ANALYSIS = YES;
				CLANG_WARN_STRICT_PROTOTYPES = YES;
				CLANG_WARN_SUSPICIOUS_MOVE = YES;
				CLANG_WARN_UNGUARDED_AVAILABILITY = YES_AGGRESSIVE;
				CLANG_WARN_UNREACHABLE_CODE = YES;
				CLANG_WARN__DUPLICATE_METHOD_MATCH = YES;
				COPY_PHASE_STRIP = NO;
				DEBUG_INFORMATION_FORMAT = "dwarf-with-dsym";
				ENABLE_NS_ASSERTIONS = NO;
				ENABLE_STRICT_OBJC_MSGSEND = YES;
				ENABLE_USER_SCRIPT_SANDBOXING = YES;
				GCC_C_LANGUAGE_STANDARD = gnu17;
				GCC_NO_COMMON_BLOCKS = YES;
				GCC_WARN_64_TO_32_BIT_CONVERSION = YES;
				GCC_WARN_ABOUT_RETURN_TYPE = YES_ERROR;
				GCC_WARN_UNDECLARED_SELECTOR = YES;
				GCC_WARN_UNINITIALIZED_AUTOS = YES_AGGRESSIVE;
				GCC_WARN_UNUSED_FUNCTION = YES;
				GCC_WARN_UNUSED_VARIABLE = YES;
				LOCALIZATION_PREFERS_STRING_CATALOGS = YES;
				MTL_ENABLE_DEBUG_INFO = NO;
				MTL_FAST_MATH = YES;
				SWIFT_COMPILATION_MODE = wholemodule;
			};
			name = Release;
		};
		0C22F1A22BFBEE27001CB8D9 /* Debug */ = {
			isa = XCBuildConfiguration;
			buildSettings = {
				ASSETCATALOG_COMPILER_APPICON_NAME = AppIcon;
				ASSETCATALOG_COMPILER_GLOBAL_ACCENT_COLOR_NAME = AccentColor;
				CODE_SIGN_ENTITLEMENTS = "wallet-jack/wallet_jack.entitlements";
				CODE_SIGN_STYLE = Automatic;
				CURRENT_PROJECT_VERSION = 1;
				DEVELOPMENT_ASSET_PATHS = "\"wallet-jack/Preview Content\"";
				ENABLE_PREVIEWS = YES;
				GENERATE_INFOPLIST_FILE = YES;
				"INFOPLIST_KEY_UIApplicationSceneManifest_Generation[sdk=iphoneos*]" = YES;
				"INFOPLIST_KEY_UIApplicationSceneManifest_Generation[sdk=iphonesimulator*]" = YES;
				"INFOPLIST_KEY_UIApplicationSupportsIndirectInputEvents[sdk=iphoneos*]" = YES;
				"INFOPLIST_KEY_UIApplicationSupportsIndirectInputEvents[sdk=iphonesimulator*]" = YES;
				"INFOPLIST_KEY_UILaunchScreen_Generation[sdk=iphoneos*]" = YES;
				"INFOPLIST_KEY_UILaunchScreen_Generation[sdk=iphonesimulator*]" = YES;
				"INFOPLIST_KEY_UIStatusBarStyle[sdk=iphoneos*]" = UIStatusBarStyleDefault;
				"INFOPLIST_KEY_UIStatusBarStyle[sdk=iphonesimulator*]" = UIStatusBarStyleDefault;
				INFOPLIST_KEY_UISupportedInterfaceOrientations_iPad = "UIInterfaceOrientationPortrait UIInterfaceOrientationPortraitUpsideDown UIInterfaceOrientationLandscapeLeft UIInterfaceOrientationLandscapeRight";
				INFOPLIST_KEY_UISupportedInterfaceOrientations_iPhone = "UIInterfaceOrientationPortrait UIInterfaceOrientationLandscapeLeft UIInterfaceOrientationLandscapeRight";
				IPHONEOS_DEPLOYMENT_TARGET = 17.5;
				LD_RUNPATH_SEARCH_PATHS = "@executable_path/Frameworks";
				"LD_RUNPATH_SEARCH_PATHS[sdk=macosx*]" = "@executable_path/../Frameworks";
				MACOSX_DEPLOYMENT_TARGET = 14.0;
				MARKETING_VERSION = 1.0;
				PRODUCT_BUNDLE_IDENTIFIER = "ru.narsabu.wallet-jack";
				PRODUCT_NAME = "$(TARGET_NAME)";
				SDKROOT = auto;
				SUPPORTED_PLATFORMS = "iphoneos iphonesimulator macosx";
				SWIFT_EMIT_LOC_STRINGS = YES;
				SWIFT_VERSION = 5.0;
				TARGETED_DEVICE_FAMILY = "1,2";
			};
			name = Debug;
		};
		0C22F1A32BFBEE27001CB8D9 /* Release */ = {
			isa = XCBuildConfiguration;
			buildSettings = {
				ASSETCATALOG_COMPILER_APPICON_NAME = AppIcon;
				ASSETCATALOG_COMPILER_GLOBAL_ACCENT_COLOR_NAME = AccentColor;
				CODE_SIGN_ENTITLEMENTS = "wallet-jack/wallet_jack.entitlements";
				CODE_SIGN_STYLE = Automatic;
				CURRENT_PROJECT_VERSION = 1;
				DEVELOPMENT_ASSET_PATHS = "\"wallet-jack/Preview Content\"";
				ENABLE_PREVIEWS = YES;
				GENERATE_INFOPLIST_FILE = YES;
				"INFOPLIST_KEY_UIApplicationSceneManifest_Generation[sdk=iphoneos*]" = YES;
				"INFOPLIST_KEY_UIApplicationSceneManifest_Generation[sdk=iphonesimulator*]" = YES;
				"INFOPLIST_KEY_UIApplicationSupportsIndirectInputEvents[sdk=iphoneos*]" = YES;
				"INFOPLIST_KEY_UIApplicationSupportsIndirectInputEvents[sdk=iphonesimulator*]" = YES;
				"INFOPLIST_KEY_UILaunchScreen_Generation[sdk=iphoneos*]" = YES;
				"INFOPLIST_KEY_UILaunchScreen_Generation[sdk=iphonesimulator*]" = YES;
				"INFOPLIST_KEY_UIStatusBarStyle[sdk=iphoneos*]" = UIStatusBarStyleDefault;
				"INFOPLIST_KEY_UIStatusBarStyle[sdk=iphonesimulator*]" = UIStatusBarStyleDefault;
				INFOPLIST_KEY_UISupportedInterfaceOrientations_iPad = "UIInterfaceOrientationPortrait UIInterfaceOrientationPortraitUpsideDown UIInterfaceOrientationLandscapeLeft UIInterfaceOrientationLandscapeRight";
				INFOPLIST_KEY_UISupportedInterfaceOrientations_iPhone = "UIInterfaceOrientationPortrait UIInterfaceOrientationLandscapeLeft UIInterfaceOrientationLandscapeRight";
				IPHONEOS_DEPLOYMENT_TARGET = 17.5;
				LD_RUNPATH_SEARCH_PATHS = "@executable_path/Frameworks";
				"LD_RUNPATH_SEARCH_PATHS[sdk=macosx*]" = "@executable_path/../Frameworks";
				MACOSX_DEPLOYMENT_TARGET = 14.0;
				MARKETING_VERSION = 1.0;
				PRODUCT_BUNDLE_IDENTIFIER = "ru.narsabu.wallet-jack";
				PRODUCT_NAME = "$(TARGET_NAME)";
				SDKROOT = auto;
				SUPPORTED_PLATFORMS = "iphoneos iphonesimulator macosx";
				SWIFT_EMIT_LOC_STRINGS = YES;
				SWIFT_VERSION = 5.0;
				TARGETED_DEVICE_FAMILY = "1,2";
			};
			name = Release;
		};
/* End XCBuildConfiguration section */

/* Begin XCConfigurationList section */
		0C22F18B2BFBEE26001CB8D9 /* Build configuration list for PBXProject "wallet-jack" */ = {
			isa = XCConfigurationList;
			buildConfigurations = (
				0C22F19F2BFBEE27001CB8D9 /* Debug */,
				0C22F1A02BFBEE27001CB8D9 /* Release */,
			);
			defaultConfigurationIsVisible = 0;
			defaultConfigurationName = Release;
		};
		0C22F1A12BFBEE27001CB8D9 /* Build configuration list for PBXNativeTarget "wallet-jack" */ = {
			isa = XCConfigurationList;
			buildConfigurations = (
				0C22F1A22BFBEE27001CB8D9 /* Debug */,
				0C22F1A32BFBEE27001CB8D9 /* Release */,
			);
			defaultConfigurationIsVisible = 0;
			defaultConfigurationName = Release;
		};
/* End XCConfigurationList section */
	};
	rootObject = 0C22F1882BFBEE26001CB8D9 /* Project object */;
}
